// !$*UTF8*$!
{
	archiveVersion = 1;
	classes = {
	};
	objectVersion = 50;
	objects = {

/* Begin PBXBuildFile section */
		FA00B5B621579A7200026D9C /* AppDelegate.swift in Sources */ = {isa = PBXBuildFile; fileRef = FA00B5B521579A7200026D9C /* AppDelegate.swift */; };
		FA00B5B821579A7200026D9C /* ViewController.swift in Sources */ = {isa = PBXBuildFile; fileRef = FA00B5B721579A7200026D9C /* ViewController.swift */; };
		FA00B5BB21579A7200026D9C /* Main.storyboard in Resources */ = {isa = PBXBuildFile; fileRef = FA00B5B921579A7200026D9C /* Main.storyboard */; };
		FA00B5BD21579A7300026D9C /* Assets.xcassets in Resources */ = {isa = PBXBuildFile; fileRef = FA00B5BC21579A7300026D9C /* Assets.xcassets */; };
		FA00B5C021579A7300026D9C /* LaunchScreen.storyboard in Resources */ = {isa = PBXBuildFile; fileRef = FA00B5BE21579A7300026D9C /* LaunchScreen.storyboard */; };
		FA00B5CE2157F2A400026D9C /* NotesListTableViewController.swift in Sources */ = {isa = PBXBuildFile; fileRef = FA00B5CD2157F2A400026D9C /* NotesListTableViewController.swift */; };
		FA00B5D021581C4C00026D9C /* Note.swift in Sources */ = {isa = PBXBuildFile; fileRef = FA00B5CF21581C4C00026D9C /* Note.swift */; };
		FA00B5D22158201500026D9C /* NoteDetailViewController.swift in Sources */ = {isa = PBXBuildFile; fileRef = FA00B5D12158201500026D9C /* NoteDetailViewController.swift */; };
		FA00B5D42158402600026D9C /* UITextViewHashtagExtension.swift in Sources */ = {isa = PBXBuildFile; fileRef = FA00B5D32158402600026D9C /* UITextViewHashtagExtension.swift */; };
/* End PBXBuildFile section */

/* Begin PBXFileReference section */
		FA00B5B221579A7200026D9C /* notes-lab.app */ = {isa = PBXFileReference; explicitFileType = wrapper.application; includeInIndex = 0; path = "notes-lab.app"; sourceTree = BUILT_PRODUCTS_DIR; };
		FA00B5B521579A7200026D9C /* AppDelegate.swift */ = {isa = PBXFileReference; lastKnownFileType = sourcecode.swift; path = AppDelegate.swift; sourceTree = "<group>"; };
		FA00B5B721579A7200026D9C /* ViewController.swift */ = {isa = PBXFileReference; lastKnownFileType = sourcecode.swift; path = ViewController.swift; sourceTree = "<group>"; };
		FA00B5BA21579A7200026D9C /* Base */ = {isa = PBXFileReference; lastKnownFileType = file.storyboard; name = Base; path = Base.lproj/Main.storyboard; sourceTree = "<group>"; };
		FA00B5BC21579A7300026D9C /* Assets.xcassets */ = {isa = PBXFileReference; lastKnownFileType = folder.assetcatalog; path = Assets.xcassets; sourceTree = "<group>"; };
		FA00B5BF21579A7300026D9C /* Base */ = {isa = PBXFileReference; lastKnownFileType = file.storyboard; name = Base; path = Base.lproj/LaunchScreen.storyboard; sourceTree = "<group>"; };
		FA00B5C121579A7300026D9C /* Info.plist */ = {isa = PBXFileReference; lastKnownFileType = text.plist.xml; path = Info.plist; sourceTree = "<group>"; };
		FA00B5CD2157F2A400026D9C /* NotesListTableViewController.swift */ = {isa = PBXFileReference; lastKnownFileType = sourcecode.swift; name = NotesListTableViewController.swift; path = "notes-lab/NotesListTableViewController.swift"; sourceTree = "<group>"; };
		FA00B5CF21581C4C00026D9C /* Note.swift */ = {isa = PBXFileReference; lastKnownFileType = sourcecode.swift; path = Note.swift; sourceTree = "<group>"; };
		FA00B5D12158201500026D9C /* NoteDetailViewController.swift */ = {isa = PBXFileReference; lastKnownFileType = sourcecode.swift; name = NoteDetailViewController.swift; path = "notes-lab/NoteDetailViewController.swift"; sourceTree = "<group>"; };
		FA00B5D32158402600026D9C /* UITextViewHashtagExtension.swift */ = {isa = PBXFileReference; lastKnownFileType = sourcecode.swift; name = UITextViewHashtagExtension.swift; path = "notes-lab/UITextViewHashtagExtension.swift"; sourceTree = "<group>"; };
/* End PBXFileReference section */

/* Begin PBXFrameworksBuildPhase section */
		FA00B5AF21579A7200026D9C /* Frameworks */ = {
			isa = PBXFrameworksBuildPhase;
			buildActionMask = 2147483647;
			files = (
			);
			runOnlyForDeploymentPostprocessing = 0;
		};
/* End PBXFrameworksBuildPhase section */

/* Begin PBXGroup section */
		FA00B5A921579A7200026D9C = {
			isa = PBXGroup;
			children = (
				FA00B5CD2157F2A400026D9C /* NotesListTableViewController.swift */,
				FA00B5D12158201500026D9C /* NoteDetailViewController.swift */,
				FA00B5D32158402600026D9C /* UITextViewHashtagExtension.swift */,
				FA00B5B421579A7200026D9C /* notes-lab */,
				FA00B5B321579A7200026D9C /* Products */,
			);
			sourceTree = "<group>";
		};
		FA00B5B321579A7200026D9C /* Products */ = {
			isa = PBXGroup;
			children = (
				FA00B5B221579A7200026D9C /* notes-lab.app */,
			);
			name = Products;
			sourceTree = "<group>";
		};
		FA00B5B421579A7200026D9C /* notes-lab */ = {
			isa = PBXGroup;
			children = (
				FA00B5B521579A7200026D9C /* AppDelegate.swift */,
				FA00B5B721579A7200026D9C /* ViewController.swift */,
				FA00B5B921579A7200026D9C /* Main.storyboard */,
				FA00B5CF21581C4C00026D9C /* Note.swift */,
				FA00B5BC21579A7300026D9C /* Assets.xcassets */,
				FA00B5BE21579A7300026D9C /* LaunchScreen.storyboard */,
				FA00B5C121579A7300026D9C /* Info.plist */,
			);
			path = "notes-lab";
			sourceTree = "<group>";
		};
/* End PBXGroup section */

/* Begin PBXNativeTarget section */
		FA00B5B121579A7200026D9C /* notes-lab */ = {
			isa = PBXNativeTarget;
			buildConfigurationList = FA00B5C421579A7300026D9C /* Build configuration list for PBXNativeTarget "notes-lab" */;
			buildPhases = (
				FA00B5AE21579A7200026D9C /* Sources */,
				FA00B5AF21579A7200026D9C /* Frameworks */,
				FA00B5B021579A7200026D9C /* Resources */,
			);
			buildRules = (
			);
			dependencies = (
			);
			name = "notes-lab";
			productName = "notes-lab";
			productReference = FA00B5B221579A7200026D9C /* notes-lab.app */;
			productType = "com.apple.product-type.application";
		};
/* End PBXNativeTarget section */

/* Begin PBXProject section */
		FA00B5AA21579A7200026D9C /* Project object */ = {
			isa = PBXProject;
			attributes = {
				LastSwiftUpdateCheck = 1000;
				LastUpgradeCheck = 1000;
				ORGANIZATIONNAME = ramzayCO;
				TargetAttributes = {
					FA00B5B121579A7200026D9C = {
						CreatedOnToolsVersion = 10.0;
					};
				};
			};
			buildConfigurationList = FA00B5AD21579A7200026D9C /* Build configuration list for PBXProject "notes-lab" */;
			compatibilityVersion = "Xcode 9.3";
			developmentRegion = en;
			hasScannedForEncodings = 0;
			knownRegions = (
				en,
				Base,
			);
			mainGroup = FA00B5A921579A7200026D9C;
			productRefGroup = FA00B5B321579A7200026D9C /* Products */;
			projectDirPath = "";
			projectRoot = "";
			targets = (
				FA00B5B121579A7200026D9C /* notes-lab */,
			);
		};
/* End PBXProject section */

/* Begin PBXResourcesBuildPhase section */
		FA00B5B021579A7200026D9C /* Resources */ = {
			isa = PBXResourcesBuildPhase;
			buildActionMask = 2147483647;
			files = (
				FA00B5C021579A7300026D9C /* LaunchScreen.storyboard in Resources */,
				FA00B5BD21579A7300026D9C /* Assets.xcassets in Resources */,
				FA00B5BB21579A7200026D9C /* Main.storyboard in Resources */,
			);
			runOnlyForDeploymentPostprocessing = 0;
		};
/* End PBXResourcesBuildPhase section */

/* Begin PBXSourcesBuildPhase section */
		FA00B5AE21579A7200026D9C /* Sources */ = {
			isa = PBXSourcesBuildPhase;
			buildActionMask = 2147483647;
			files = (
				FA00B5D22158201500026D9C /* NoteDetailViewController.swift in Sources */,
				FA00B5B821579A7200026D9C /* ViewController.swift in Sources */,
				FA00B5D42158402600026D9C /* UITextViewHashtagExtension.swift in Sources */,
				FA00B5CE2157F2A400026D9C /* NotesListTableViewController.swift in Sources */,
				FA00B5B621579A7200026D9C /* AppDelegate.swift in Sources */,
				FA00B5D021581C4C00026D9C /* Note.swift in Sources */,
			);
			runOnlyForDeploymentPostprocessing = 0;
		};
/* End PBXSourcesBuildPhase section */

/* Begin PBXVariantGroup section */
		FA00B5B921579A7200026D9C /* Main.storyboard */ = {
			isa = PBXVariantGroup;
			children = (
				FA00B5BA21579A7200026D9C /* Base */,
			);
			name = Main.storyboard;
			sourceTree = "<group>";
		};
		FA00B5BE21579A7300026D9C /* LaunchScreen.storyboard */ = {
			isa = PBXVariantGroup;
			children = (
				FA00B5BF21579A7300026D9C /* Base */,
			);
			name = LaunchScreen.storyboard;
			sourceTree = "<group>";
		};
/* End PBXVariantGroup section */

/* Begin XCBuildConfiguration section */
		FA00B5C221579A7300026D9C /* Debug */ = {
			isa = XCBuildConfiguration;
			buildSettings = {
				ALWAYS_SEARCH_USER_PATHS = NO;
				CLANG_ANALYZER_NONNULL = YES;
				CLANG_ANALYZER_NUMBER_OBJECT_CONVERSION = YES_AGGRESSIVE;
				CLANG_CXX_LANGUAGE_STANDARD = "gnu++14";
				CLANG_CXX_LIBRARY = "libc++";
				CLANG_ENABLE_MODULES = YES;
				CLANG_ENABLE_OBJC_ARC = YES;
				CLANG_ENABLE_OBJC_WEAK = YES;
				CLANG_WARN_BLOCK_CAPTURE_AUTORELEASING = YES;
				CLANG_WARN_BOOL_CONVERSION = YES;
				CLANG_WARN_COMMA = YES;
				CLANG_WARN_CONSTANT_CONVERSION = YES;
				CLANG_WARN_DEPRECATED_OBJC_IMPLEMENTATIONS = YES;
				CLANG_WARN_DIRECT_OBJC_ISA_USAGE = YES_ERROR;
				CLANG_WARN_DOCUMENTATION_COMMENTS = YES;
				CLANG_WARN_EMPTY_BODY = YES;
				CLANG_WARN_ENUM_CONVERSION = YES;
				CLANG_WARN_INFINITE_RECURSION = YES;
				CLANG_WARN_INT_CONVERSION = YES;
				CLANG_WARN_NON_LITERAL_NULL_CONVERSION = YES;
				CLANG_WARN_OBJC_IMPLICIT_RETAIN_SELF = YES;
				CLANG_WARN_OBJC_LITERAL_CONVERSION = YES;
				CLANG_WARN_OBJC_ROOT_CLASS = YES_ERROR;
				CLANG_WARN_RANGE_LOOP_ANALYSIS = YES;
				CLANG_WARN_STRICT_PROTOTYPES = YES;
				CLANG_WARN_SUSPICIOUS_MOVE = YES;
				CLANG_WARN_UNGUARDED_AVAILABILITY = YES_AGGRESSIVE;
				CLANG_WARN_UNREACHABLE_CODE = YES;
				CLANG_WARN__DUPLICATE_METHOD_MATCH = YES;
				CODE_SIGN_IDENTITY = "iPhone Developer";
				COPY_PHASE_STRIP = NO;
				DEBUG_INFORMATION_FORMAT = dwarf;
				ENABLE_STRICT_OBJC_MSGSEND = YES;
				ENABLE_TESTABILITY = YES;
				GCC_C_LANGUAGE_STANDARD = gnu11;
				GCC_DYNAMIC_NO_PIC = NO;
				GCC_NO_COMMON_BLOCKS = YES;
				GCC_OPTIMIZATION_LEVEL = 0;
				GCC_PREPROCESSOR_DEFINITIONS = (
					"DEBUG=1",
					"$(inherited)",
				);
				GCC_WARN_64_TO_32_BIT_CONVERSION = YES;
				GCC_WARN_ABOUT_RETURN_TYPE = YES_ERROR;
				GCC_WARN_UNDECLARED_SELECTOR = YES;
				GCC_WARN_UNINITIALIZED_AUTOS = YES_AGGRESSIVE;
				GCC_WARN_UNUSED_FUNCTION = YES;
				GCC_WARN_UNUSED_VARIABLE = YES;
				IPHONEOS_DEPLOYMENT_TARGET = 12.0;
				MTL_ENABLE_DEBUG_INFO = INCLUDE_SOURCE;
				MTL_FAST_MATH = YES;
				ONLY_ACTIVE_ARCH = YES;
				SDKROOT = iphoneos;
				SWIFT_ACTIVE_COMPILATION_CONDITIONS = DEBUG;
				SWIFT_OPTIMIZATION_LEVEL = "-Onone";
			};
			name = Debug;
		};
		FA00B5C321579A7300026D9C /* Release */ = {
			isa = XCBuildConfiguration;
			buildSettings = {
				ALWAYS_SEARCH_USER_PATHS = NO;
				CLANG_ANALYZER_NONNULL = YES;
				CLANG_ANALYZER_NUMBER_OBJECT_CONVERSION = YES_AGGRESSIVE;
				CLANG_CXX_LANGUAGE_STANDARD = "gnu++14";
				CLANG_CXX_LIBRARY = "libc++";
				CLANG_ENABLE_MODULES = YES;
				CLANG_ENABLE_OBJC_ARC = YES;
				CLANG_ENABLE_OBJC_WEAK = YES;
				CLANG_WARN_BLOCK_CAPTURE_AUTORELEASING = YES;
				CLANG_WARN_BOOL_CONVERSION = YES;
				CLANG_WARN_COMMA = YES;
				CLANG_WARN_CONSTANT_CONVERSION = YES;
				CLANG_WARN_DEPRECATED_OBJC_IMPLEMENTATIONS = YES;
				CLANG_WARN_DIRECT_OBJC_ISA_USAGE = YES_ERROR;
				CLANG_WARN_DOCUMENTATION_COMMENTS = YES;
				CLANG_WARN_EMPTY_BODY = YES;
				CLANG_WARN_ENUM_CONVERSION = YES;
				CLANG_WARN_INFINITE_RECURSION = YES;
				CLANG_WARN_INT_CONVERSION = YES;
				CLANG_WARN_NON_LITERAL_NULL_CONVERSION = YES;
				CLANG_WARN_OBJC_IMPLICIT_RETAIN_SELF = YES;
				CLANG_WARN_OBJC_LITERAL_CONVERSION = YES;
				CLANG_WARN_OBJC_ROOT_CLASS = YES_ERROR;
				CLANG_WARN_RANGE_LOOP_ANALYSIS = YES;
				CLANG_WARN_STRICT_PROTOTYPES = YES;
				CLANG_WARN_SUSPICIOUS_MOVE = YES;
				CLANG_WARN_UNGUARDED_AVAILABILITY = YES_AGGRESSIVE;
				CLANG_WARN_UNREACHABLE_CODE = YES;
				CLANG_WARN__DUPLICATE_METHOD_MATCH = YES;
				CODE_SIGN_IDENTITY = "iPhone Developer";
				COPY_PHASE_STRIP = NO;
				DEBUG_INFORMATION_FORMAT = "dwarf-with-dsym";
				ENABLE_NS_ASSERTIONS = NO;
				ENABLE_STRICT_OBJC_MSGSEND = YES;
				GCC_C_LANGUAGE_STANDARD = gnu11;
				GCC_NO_COMMON_BLOCKS = YES;
				GCC_WARN_64_TO_32_BIT_CONVERSION = YES;
				GCC_WARN_ABOUT_RETURN_TYPE = YES_ERROR;
				GCC_WARN_UNDECLARED_SELECTOR = YES;
				GCC_WARN_UNINITIALIZED_AUTOS = YES_AGGRESSIVE;
				GCC_WARN_UNUSED_FUNCTION = YES;
				GCC_WARN_UNUSED_VARIABLE = YES;
				IPHONEOS_DEPLOYMENT_TARGET = 12.0;
				MTL_ENABLE_DEBUG_INFO = NO;
				MTL_FAST_MATH = YES;
				SDKROOT = iphoneos;
				SWIFT_COMPILATION_MODE = wholemodule;
				SWIFT_OPTIMIZATION_LEVEL = "-O";
				VALIDATE_PRODUCT = YES;
			};
			name = Release;
		};
		FA00B5C521579A7300026D9C /* Debug */ = {
			isa = XCBuildConfiguration;
			buildSettings = {
				ASSETCATALOG_COMPILER_APPICON_NAME = AppIcon;
				CODE_SIGN_STYLE = Automatic;
				INFOPLIST_FILE = "notes-lab/Info.plist";
				LD_RUNPATH_SEARCH_PATHS = (
					"$(inherited)",
					"@executable_path/Frameworks",
				);
				PRODUCT_BUNDLE_IDENTIFIER = "ramzayCO.notes-lab";
				PRODUCT_NAME = "$(TARGET_NAME)";
				SWIFT_VERSION = 4.2;
				TARGETED_DEVICE_FAMILY = "1,2";
			};
			name = Debug;
		};
		FA00B5C621579A7300026D9C /* Release */ = {
			isa = XCBuildConfiguration;
			buildSettings = {
				ASSETCATALOG_COMPILER_APPICON_NAME = AppIcon;
				CODE_SIGN_STYLE = Automatic;
				INFOPLIST_FILE = "notes-lab/Info.plist";
				LD_RUNPATH_SEARCH_PATHS = (
					"$(inherited)",
					"@executable_path/Frameworks",
				);
				PRODUCT_BUNDLE_IDENTIFIER = "ramzayCO.notes-lab";
				PRODUCT_NAME = "$(TARGET_NAME)";
				SWIFT_VERSION = 4.2;
				TARGETED_DEVICE_FAMILY = "1,2";
			};
			name = Release;
		};
/* End XCBuildConfiguration section */

/* Begin XCConfigurationList section */
		FA00B5AD21579A7200026D9C /* Build configuration list for PBXProject "notes-lab" */ = {
			isa = XCConfigurationList;
			buildConfigurations = (
				FA00B5C221579A7300026D9C /* Debug */,
				FA00B5C321579A7300026D9C /* Release */,
			);
			defaultConfigurationIsVisible = 0;
			defaultConfigurationName = Release;
		};
		FA00B5C421579A7300026D9C /* Build configuration list for PBXNativeTarget "notes-lab" */ = {
			isa = XCConfigurationList;
			buildConfigurations = (
				FA00B5C521579A7300026D9C /* Debug */,
				FA00B5C621579A7300026D9C /* Release */,
			);
			defaultConfigurationIsVisible = 0;
			defaultConfigurationName = Release;
		};
/* End XCConfigurationList section */
	};
	rootObject = FA00B5AA21579A7200026D9C /* Project object */;
}
